
Microsoft Visual Studio Solution File, Format Version 12.00
# Visual Studio Version 17
VisualStudioVersion = 17.13.35913.81 d17.13
MinimumVisualStudioVersion = 10.0.40219.1
Project("{2150E333-8FDC-42A3-9474-1A3956D46DE8}") = "Task0", "Task0", "{02EA681E-C7D8-13C7-8484-4AC65E1B71E8}"
EndProject
Project("{FAE04EC0-301F-11D3-BF4B-00C04F79EFBC}") = "Tyuiu.VdovinA.Sprint2.Task0.V27.Lib", "Tyuiu.VdovinA.Sprint2.Task0.V27.Lib\Tyuiu.VdovinA.Sprint2.Task0.V27.Lib.csproj", "{763916FA-D627-4444-8F9D-EAB6446B37EC}"
EndProject
Project("{FAE04EC0-301F-11D3-BF4B-00C04F79EFBC}") = "Tyuiu.VdovinA.Sprint2.Task0.V27", "Tyuiu.VdovinA.Sprint2.Task0.V27\Tyuiu.VdovinA.Sprint2.Task0.V27.csproj", "{FE4347CA-CB23-437A-B9B1-54C79F6387C6}"
EndProject
Project("{FAE04EC0-301F-11D3-BF4B-00C04F79EFBC}") = "Tyuiu.VdovinA.Sprint2.Task0.V27.Test", "Tyuiu.VdovinA.Sprint2.Task0.V27.Test\Tyuiu.VdovinA.Sprint2.Task0.V27.Test.csproj", "{54B871FC-4634-44F9-B742-81C5181BFE25}"
EndProject
Global
	GlobalSection(SolutionConfigurationPlatforms) = preSolution
		Debug|Any CPU = Debug|Any CPU
		Release|Any CPU = Release|Any CPU
	EndGlobalSection
	GlobalSection(ProjectConfigurationPlatforms) = postSolution
		{763916FA-D627-4444-8F9D-EAB6446B37EC}.Debug|Any CPU.ActiveCfg = Debug|Any CPU
		{763916FA-D627-4444-8F9D-EAB6446B37EC}.Debug|Any CPU.Build.0 = Debug|Any CPU
		{763916FA-D627-4444-8F9D-EAB6446B37EC}.Release|Any CPU.ActiveCfg = Release|Any CPU
		{763916FA-D627-4444-8F9D-EAB6446B37EC}.Release|Any CPU.Build.0 = Release|Any CPU
		{FE4347CA-CB23-437A-B9B1-54C79F6387C6}.Debug|Any CPU.ActiveCfg = Debug|Any CPU
		{FE4347CA-CB23-437A-B9B1-54C79F6387C6}.Debug|Any CPU.Build.0 = Debug|Any CPU
		{FE4347CA-CB23-437A-B9B1-54C79F6387C6}.Release|Any CPU.ActiveCfg = Release|Any CPU
		{FE4347CA-CB23-437A-B9B1-54C79F6387C6}.Release|Any CPU.Build.0 = Release|Any CPU
		{54B871FC-4634-44F9-B742-81C5181BFE25}.Debug|Any CPU.ActiveCfg = Debug|Any CPU
		{54B871FC-4634-44F9-B742-81C5181BFE25}.Debug|Any CPU.Build.0 = Debug|Any CPU
		{54B871FC-4634-44F9-B742-81C5181BFE25}.Release|Any CPU.ActiveCfg = Release|Any CPU
		{54B871FC-4634-44F9-B742-81C5181BFE25}.Release|Any CPU.Build.0 = Release|Any CPU
	EndGlobalSection
	GlobalSection(SolutionProperties) = preSolution
		HideSolutionNode = FALSE
	EndGlobalSection
	GlobalSection(NestedProjects) = preSolution
		{763916FA-D627-4444-8F9D-EAB6446B37EC} = {02EA681E-C7D8-13C7-8484-4AC65E1B71E8}
		{FE4347CA-CB23-437A-B9B1-54C79F6387C6} = {02EA681E-C7D8-13C7-8484-4AC65E1B71E8}
		{54B871FC-4634-44F9-B742-81C5181BFE25} = {02EA681E-C7D8-13C7-8484-4AC65E1B71E8}
	EndGlobalSection
	GlobalSection(ExtensibilityGlobals) = postSolution
		SolutionGuid = {BD8C33B5-EC24-4F69-B52A-A03A93A4F7D4}
	EndGlobalSection
EndGlobal
