
Microsoft Visual Studio Solution File, Format Version 12.00
# Visual Studio Version 17
VisualStudioVersion = 17.13.35913.81
MinimumVisualStudioVersion = 10.0.40219.1
Project("{2150E333-8FDC-42A3-9474-1A3956D46DE8}") = "Task0", "Task0", "{02EA681E-C7D8-13C7-8484-4AC65E1B71E8}"
EndProject
Project("{FAE04EC0-301F-11D3-BF4B-00C04F79EFBC}") = "Tyuiu.VdovinA.Sprint2.Task0.V27.Lib", "Tyuiu.VdovinA.Sprint2.Task0.V27.Lib\Tyuiu.VdovinA.Sprint2.Task0.V27.Lib.csproj", "{763916FA-D627-4444-8F9D-EAB6446B37EC}"
EndProject
Project("{FAE04EC0-301F-11D3-BF4B-00C04F79EFBC}") = "Tyuiu.VdovinA.Sprint2.Task0.V27", "Tyuiu.VdovinA.Sprint2.Task0.V27\Tyuiu.VdovinA.Sprint2.Task0.V27.csproj", "{FE4347CA-CB23-437A-B9B1-54C79F6387C6}"
EndProject
Project("{FAE04EC0-301F-11D3-BF4B-00C04F79EFBC}") = "Tyuiu.VdovinA.Sprint2.Task0.V27.Test", "Tyuiu.VdovinA.Sprint2.Task0.V27.Test\Tyuiu.VdovinA.Sprint2.Task0.V27.Test.csproj", "{54B871FC-4634-44F9-B742-81C5181BFE25}"
EndProject
Project("{2150E333-8FDC-42A3-9474-1A3956D46DE8}") = "Task1", "Task1", "{663C09B3-225B-4145-B60D-A32C43612812}"
EndProject
Project("{FAE04EC0-301F-11D3-BF4B-00C04F79EFBC}") = "Tyuiu.VdovinA.Sprint2.Task1.V14.Lib", "Tyuiu.VdovinA.Sprint2.Task1.V14.Lib\Tyuiu.VdovinA.Sprint2.Task1.V14.Lib.csproj", "{99CA71C4-488E-4C83-8F46-ED6AA7C52273}"
EndProject
Project("{FAE04EC0-301F-11D3-BF4B-00C04F79EFBC}") = "Tyuiu.VdovinA.Sprint2.Task1.V14", "Tyuiu.VdovinA.Sprint2.Task1.V14\Tyuiu.VdovinA.Sprint2.Task1.V14.csproj", "{31F88A89-2F7C-44BA-A186-574C3A9623CA}"
EndProject
Project("{FAE04EC0-301F-11D3-BF4B-00C04F79EFBC}") = "Tyuiu.VdovinA.Sprint2.Task1.V14.Test", "Tyuiu.VdovinA.Sprint2.Task1.V14.Test\Tyuiu.VdovinA.Sprint2.Task1.V14.Test.csproj", "{BEC80E0B-30DB-48A7-BC84-E14077BD4E13}"
EndProject
Project("{2150E333-8FDC-42A3-9474-1A3956D46DE8}") = "Task2", "Task2", "{C1BA3A58-419C-406E-9D43-EAA2B344C1F8}"
EndProject
Project("{FAE04EC0-301F-11D3-BF4B-00C04F79EFBC}") = "Tyuiu.VdovinA.Sprint2.Task2.V24.Lib", "Tyuiu.VdovinA.Sprint2.Task2.V24.Lib\Tyuiu.VdovinA.Sprint2.Task2.V24.Lib.csproj", "{905A3055-A10F-42FB-9F1B-B9E779EA9BC4}"
EndProject
Project("{FAE04EC0-301F-11D3-BF4B-00C04F79EFBC}") = "Tyuiu.VdovinA.Sprint2.Task2.V24.Test", "Tyuiu.VdovinA.Sprint2.Task2.V24.Test\Tyuiu.VdovinA.Sprint2.Task2.V24.Test.csproj", "{5F1D75EA-6B57-4840-BEA4-EF7CA7557675}"
EndProject
Project("{FAE04EC0-301F-11D3-BF4B-00C04F79EFBC}") = "Tyuiu.VdovinA.Sprint2.Task2.V24", "Tyuiu.VdovinA.Sprint2.Task2.V24\Tyuiu.VdovinA.Sprint2.Task2.V24.csproj", "{7DC49F36-E887-4E2F-A387-981E900408BC}"
EndProject
Project("{2150E333-8FDC-42A3-9474-1A3956D46DE8}") = "Task3", "Task3", "{A423F0BA-31B3-4F5E-AD83-63775314FC78}"
EndProject
Project("{FAE04EC0-301F-11D3-BF4B-00C04F79EFBC}") = "Tyuiu.VdovinA.Sprint2.Task3.V2.Lib", "Tyuiu.VdovinA.Sprint2.Task3.V2.Lib\Tyuiu.VdovinA.Sprint2.Task3.V2.Lib.csproj", "{99E7AB7F-05F1-47E4-8C0B-78846D929129}"
EndProject
Project("{FAE04EC0-301F-11D3-BF4B-00C04F79EFBC}") = "Tyuiu.VdovinA.Sprint2.Task3.V2", "Tyuiu.VdovinA.Sprint2.Task3.V2\Tyuiu.VdovinA.Sprint2.Task3.V2.csproj", "{41E42DDD-CCDA-4120-BA4D-D4C47CFD519B}"
EndProject
Project("{FAE04EC0-301F-11D3-BF4B-00C04F79EFBC}") = "Tyuiu.VdovinA.Sprint2.Task3.V2.Test", "Tyuiu.VdovinA.Sprint2.Task3.V2.Test\Tyuiu.VdovinA.Sprint2.Task3.V2.Test.csproj", "{51337736-F5A0-46E7-B698-33678EF00A19}"
EndProject
Project("{2150E333-8FDC-42A3-9474-1A3956D46DE8}") = "Task4", "Task4", "{4AC14772-582C-45EF-9916-11F68DA15916}"
EndProject
Project("{FAE04EC0-301F-11D3-BF4B-00C04F79EFBC}") = "Tyuiu.VdovinA.Sprint2.Task4.V14.Lib", "Tyuiu.VdovinA.Sprint2.Task4.V14.Lib\Tyuiu.VdovinA.Sprint2.Task4.V14.Lib.csproj", "{2329EFB5-EE24-455A-A313-AF0B6F45128E}"
EndProject
Project("{FAE04EC0-301F-11D3-BF4B-00C04F79EFBC}") = "Tyuiu.VdovinA.Sprint2.Task4.V14", "Tyuiu.VdovinA.Sprint2.Task4.V14\Tyuiu.VdovinA.Sprint2.Task4.V14.csproj", "{918DD57B-82CB-4CF0-815C-088384D1EAC6}"
EndProject
Project("{FAE04EC0-301F-11D3-BF4B-00C04F79EFBC}") = "Tyuiu.VdovinA.Sprint2.Task4.V14.Test", "Tyuiu.VdovinA.Sprint2.Task4.V14.Test\Tyuiu.VdovinA.Sprint2.Task4.V14.Test.csproj", "{CC7E48F2-3274-439A-9B26-325A465C46A9}"
EndProject
Project("{2150E333-8FDC-42A3-9474-1A3956D46DE8}") = "Task5", "Task5", "{010AA182-D6AA-413E-8374-05DEA1170904}"
EndProject
Project("{FAE04EC0-301F-11D3-BF4B-00C04F79EFBC}") = "Tyuiu.VdovinA.Sprint2.Task5.V11.Lib", "Tyuiu.VdovinA.Sprint2.Task5.V11.Lib\Tyuiu.VdovinA.Sprint2.Task5.V11.Lib.csproj", "{00C1A2FB-6B5C-4391-AF2B-3D858E071591}"
EndProject
Project("{FAE04EC0-301F-11D3-BF4B-00C04F79EFBC}") = "Tyuiu.VdovinA.Sprint2.Task5.V11", "Tyuiu.VdovinA.Sprint2.Task5.V11\Tyuiu.VdovinA.Sprint2.Task5.V11.csproj", "{CAE81F39-7218-439F-A44D-57EFDC0E62A8}"
EndProject
Project("{FAE04EC0-301F-11D3-BF4B-00C04F79EFBC}") = "Tyuiu.VdovinA.Sprint2.Task5.V11.Test", "Tyuiu.VdovinA.Sprint2.Task5.V11.Test\Tyuiu.VdovinA.Sprint2.Task5.V11.Test.csproj", "{BACB7194-798C-4D72-97F2-21EC00B33996}"
EndProject
Project("{2150E333-8FDC-42A3-9474-1A3956D46DE8}") = "Task6", "Task6", "{E667AED6-3C77-4CB9-A46D-02495365D836}"
EndProject
Project("{FAE04EC0-301F-11D3-BF4B-00C04F79EFBC}") = "Tyuiu.VdovinA.Sprint2.Task6.V2.Lib", "Tyuiu.VdovinA.Sprint2.Task6.V2.Lib\Tyuiu.VdovinA.Sprint2.Task6.V2.Lib.csproj", "{EC56DFBF-6BA0-4A5F-9433-66AB076ABE7D}"
EndProject
Project("{FAE04EC0-301F-11D3-BF4B-00C04F79EFBC}") = "Tyuiu.VdovinA.Sprint2.Task6.V2", "Tyuiu.VdovinA.Sprint2.Task6.V2\Tyuiu.VdovinA.Sprint2.Task6.V2.csproj", "{3CD59235-79F1-4040-8C14-8C195AEC42E6}"
EndProject
Project("{FAE04EC0-301F-11D3-BF4B-00C04F79EFBC}") = "Tyuiu.VdovinA.Sprint2.Task6.V2.Test", "Tyuiu.VdovinA.Sprint2.Task6.V2.Test\Tyuiu.VdovinA.Sprint2.Task6.V2.Test.csproj", "{5D06968C-D94E-4DC0-A82A-22A0513110BC}"
EndProject
Project("{2150E333-8FDC-42A3-9474-1A3956D46DE8}") = "Task7", "Task7", "{327A4EAC-8665-46BE-80C9-DFB1EB97DC1C}"
EndProject
Project("{FAE04EC0-301F-11D3-BF4B-00C04F79EFBC}") = "Tyuiu.VdovinA.Sprint2.Task7.V13.Lib", "Tyuiu.VdovinA.Sprint2.Task7.V13.Lib\Tyuiu.VdovinA.Sprint2.Task7.V13.Lib.csproj", "{27546BF1-A8E2-4C85-A7D6-CE4F3E7F7EB5}"
EndProject
Project("{FAE04EC0-301F-11D3-BF4B-00C04F79EFBC}") = "Tyuiu.VdovinA.Sprint2.Task7.V13", "Tyuiu.VdovinA.Sprint2.Task7.V13\Tyuiu.VdovinA.Sprint2.Task7.V13.csproj", "{824BFEF0-7458-4E8C-A4F0-61E757919159}"
EndProject
Project("{FAE04EC0-301F-11D3-BF4B-00C04F79EFBC}") = "Tyuiu.VdovinA.Sprint2.Task7.V13.Test", "Tyuiu.VdovinA.Sprint2.Task7.V13.Test\Tyuiu.VdovinA.Sprint2.Task7.V13.Test.csproj", "{98B31483-FAB6-4416-A167-55E55B13F782}"
EndProject
Global
	GlobalSection(SolutionConfigurationPlatforms) = preSolution
		Debug|Any CPU = Debug|Any CPU
		Release|Any CPU = Release|Any CPU
	EndGlobalSection
	GlobalSection(ProjectConfigurationPlatforms) = postSolution
		{763916FA-D627-4444-8F9D-EAB6446B37EC}.Debug|Any CPU.ActiveCfg = Debug|Any CPU
		{763916FA-D627-4444-8F9D-EAB6446B37EC}.Debug|Any CPU.Build.0 = Debug|Any CPU
		{763916FA-D627-4444-8F9D-EAB6446B37EC}.Release|Any CPU.ActiveCfg = Release|Any CPU
		{763916FA-D627-4444-8F9D-EAB6446B37EC}.Release|Any CPU.Build.0 = Release|Any CPU
		{FE4347CA-CB23-437A-B9B1-54C79F6387C6}.Debug|Any CPU.ActiveCfg = Debug|Any CPU
		{FE4347CA-CB23-437A-B9B1-54C79F6387C6}.Debug|Any CPU.Build.0 = Debug|Any CPU
		{FE4347CA-CB23-437A-B9B1-54C79F6387C6}.Release|Any CPU.ActiveCfg = Release|Any CPU
		{FE4347CA-CB23-437A-B9B1-54C79F6387C6}.Release|Any CPU.Build.0 = Release|Any CPU
		{54B871FC-4634-44F9-B742-81C5181BFE25}.Debug|Any CPU.ActiveCfg = Debug|Any CPU
		{54B871FC-4634-44F9-B742-81C5181BFE25}.Debug|Any CPU.Build.0 = Debug|Any CPU
		{54B871FC-4634-44F9-B742-81C5181BFE25}.Release|Any CPU.ActiveCfg = Release|Any CPU
		{54B871FC-4634-44F9-B742-81C5181BFE25}.Release|Any CPU.Build.0 = Release|Any CPU
		{99CA71C4-488E-4C83-8F46-ED6AA7C52273}.Debug|Any CPU.ActiveCfg = Debug|Any CPU
		{99CA71C4-488E-4C83-8F46-ED6AA7C52273}.Debug|Any CPU.Build.0 = Debug|Any CPU
		{99CA71C4-488E-4C83-8F46-ED6AA7C52273}.Release|Any CPU.ActiveCfg = Release|Any CPU
		{99CA71C4-488E-4C83-8F46-ED6AA7C52273}.Release|Any CPU.Build.0 = Release|Any CPU
		{31F88A89-2F7C-44BA-A186-574C3A9623CA}.Debug|Any CPU.ActiveCfg = Debug|Any CPU
		{31F88A89-2F7C-44BA-A186-574C3A9623CA}.Debug|Any CPU.Build.0 = Debug|Any CPU
		{31F88A89-2F7C-44BA-A186-574C3A9623CA}.Release|Any CPU.ActiveCfg = Release|Any CPU
		{31F88A89-2F7C-44BA-A186-574C3A9623CA}.Release|Any CPU.Build.0 = Release|Any CPU
		{BEC80E0B-30DB-48A7-BC84-E14077BD4E13}.Debug|Any CPU.ActiveCfg = Debug|Any CPU
		{BEC80E0B-30DB-48A7-BC84-E14077BD4E13}.Debug|Any CPU.Build.0 = Debug|Any CPU
		{BEC80E0B-30DB-48A7-BC84-E14077BD4E13}.Release|Any CPU.ActiveCfg = Release|Any CPU
		{BEC80E0B-30DB-48A7-BC84-E14077BD4E13}.Release|Any CPU.Build.0 = Release|Any CPU
		{905A3055-A10F-42FB-9F1B-B9E779EA9BC4}.Debug|Any CPU.ActiveCfg = Debug|Any CPU
		{905A3055-A10F-42FB-9F1B-B9E779EA9BC4}.Debug|Any CPU.Build.0 = Debug|Any CPU
		{905A3055-A10F-42FB-9F1B-B9E779EA9BC4}.Release|Any CPU.ActiveCfg = Release|Any CPU
		{905A3055-A10F-42FB-9F1B-B9E779EA9BC4}.Release|Any CPU.Build.0 = Release|Any CPU
		{5F1D75EA-6B57-4840-BEA4-EF7CA7557675}.Debug|Any CPU.ActiveCfg = Debug|Any CPU
		{5F1D75EA-6B57-4840-BEA4-EF7CA7557675}.Debug|Any CPU.Build.0 = Debug|Any CPU
		{5F1D75EA-6B57-4840-BEA4-EF7CA7557675}.Release|Any CPU.ActiveCfg = Release|Any CPU
		{5F1D75EA-6B57-4840-BEA4-EF7CA7557675}.Release|Any CPU.Build.0 = Release|Any CPU
		{7DC49F36-E887-4E2F-A387-981E900408BC}.Debug|Any CPU.ActiveCfg = Debug|Any CPU
		{7DC49F36-E887-4E2F-A387-981E900408BC}.Debug|Any CPU.Build.0 = Debug|Any CPU
		{7DC49F36-E887-4E2F-A387-981E900408BC}.Release|Any CPU.ActiveCfg = Release|Any CPU
		{7DC49F36-E887-4E2F-A387-981E900408BC}.Release|Any CPU.Build.0 = Release|Any CPU
		{99E7AB7F-05F1-47E4-8C0B-78846D929129}.Debug|Any CPU.ActiveCfg = Debug|Any CPU
		{99E7AB7F-05F1-47E4-8C0B-78846D929129}.Debug|Any CPU.Build.0 = Debug|Any CPU
		{99E7AB7F-05F1-47E4-8C0B-78846D929129}.Release|Any CPU.ActiveCfg = Release|Any CPU
		{99E7AB7F-05F1-47E4-8C0B-78846D929129}.Release|Any CPU.Build.0 = Release|Any CPU
		{41E42DDD-CCDA-4120-BA4D-D4C47CFD519B}.Debug|Any CPU.ActiveCfg = Debug|Any CPU
		{41E42DDD-CCDA-4120-BA4D-D4C47CFD519B}.Debug|Any CPU.Build.0 = Debug|Any CPU
		{41E42DDD-CCDA-4120-BA4D-D4C47CFD519B}.Release|Any CPU.ActiveCfg = Release|Any CPU
		{41E42DDD-CCDA-4120-BA4D-D4C47CFD519B}.Release|Any CPU.Build.0 = Release|Any CPU
		{51337736-F5A0-46E7-B698-33678EF00A19}.Debug|Any CPU.ActiveCfg = Debug|Any CPU
		{51337736-F5A0-46E7-B698-33678EF00A19}.Debug|Any CPU.Build.0 = Debug|Any CPU
		{51337736-F5A0-46E7-B698-33678EF00A19}.Release|Any CPU.ActiveCfg = Release|Any CPU
		{51337736-F5A0-46E7-B698-33678EF00A19}.Release|Any CPU.Build.0 = Release|Any CPU
		{2329EFB5-EE24-455A-A313-AF0B6F45128E}.Debug|Any CPU.ActiveCfg = Debug|Any CPU
		{2329EFB5-EE24-455A-A313-AF0B6F45128E}.Debug|Any CPU.Build.0 = Debug|Any CPU
		{2329EFB5-EE24-455A-A313-AF0B6F45128E}.Release|Any CPU.ActiveCfg = Release|Any CPU
		{2329EFB5-EE24-455A-A313-AF0B6F45128E}.Release|Any CPU.Build.0 = Release|Any CPU
		{918DD57B-82CB-4CF0-815C-088384D1EAC6}.Debug|Any CPU.ActiveCfg = Debug|Any CPU
		{918DD57B-82CB-4CF0-815C-088384D1EAC6}.Debug|Any CPU.Build.0 = Debug|Any CPU
		{918DD57B-82CB-4CF0-815C-088384D1EAC6}.Release|Any CPU.ActiveCfg = Release|Any CPU
		{918DD57B-82CB-4CF0-815C-088384D1EAC6}.Release|Any CPU.Build.0 = Release|Any CPU
		{CC7E48F2-3274-439A-9B26-325A465C46A9}.Debug|Any CPU.ActiveCfg = Debug|Any CPU
		{CC7E48F2-3274-439A-9B26-325A465C46A9}.Debug|Any CPU.Build.0 = Debug|Any CPU
		{CC7E48F2-3274-439A-9B26-325A465C46A9}.Release|Any CPU.ActiveCfg = Release|Any CPU
		{CC7E48F2-3274-439A-9B26-325A465C46A9}.Release|Any CPU.Build.0 = Release|Any CPU
		{00C1A2FB-6B5C-4391-AF2B-3D858E071591}.Debug|Any CPU.ActiveCfg = Debug|Any CPU
		{00C1A2FB-6B5C-4391-AF2B-3D858E071591}.Debug|Any CPU.Build.0 = Debug|Any CPU
		{00C1A2FB-6B5C-4391-AF2B-3D858E071591}.Release|Any CPU.ActiveCfg = Release|Any CPU
		{00C1A2FB-6B5C-4391-AF2B-3D858E071591}.Release|Any CPU.Build.0 = Release|Any CPU
		{CAE81F39-7218-439F-A44D-57EFDC0E62A8}.Debug|Any CPU.ActiveCfg = Debug|Any CPU
		{CAE81F39-7218-439F-A44D-57EFDC0E62A8}.Debug|Any CPU.Build.0 = Debug|Any CPU
		{CAE81F39-7218-439F-A44D-57EFDC0E62A8}.Release|Any CPU.ActiveCfg = Release|Any CPU
		{CAE81F39-7218-439F-A44D-57EFDC0E62A8}.Release|Any CPU.Build.0 = Release|Any CPU
		{BACB7194-798C-4D72-97F2-21EC00B33996}.Debug|Any CPU.ActiveCfg = Debug|Any CPU
		{BACB7194-798C-4D72-97F2-21EC00B33996}.Debug|Any CPU.Build.0 = Debug|Any CPU
		{BACB7194-798C-4D72-97F2-21EC00B33996}.Release|Any CPU.ActiveCfg = Release|Any CPU
		{BACB7194-798C-4D72-97F2-21EC00B33996}.Release|Any CPU.Build.0 = Release|Any CPU
		{EC56DFBF-6BA0-4A5F-9433-66AB076ABE7D}.Debug|Any CPU.ActiveCfg = Debug|Any CPU
		{EC56DFBF-6BA0-4A5F-9433-66AB076ABE7D}.Debug|Any CPU.Build.0 = Debug|Any CPU
		{EC56DFBF-6BA0-4A5F-9433-66AB076ABE7D}.Release|Any CPU.ActiveCfg = Release|Any CPU
		{EC56DFBF-6BA0-4A5F-9433-66AB076ABE7D}.Release|Any CPU.Build.0 = Release|Any CPU
		{3CD59235-79F1-4040-8C14-8C195AEC42E6}.Debug|Any CPU.ActiveCfg = Debug|Any CPU
		{3CD59235-79F1-4040-8C14-8C195AEC42E6}.Debug|Any CPU.Build.0 = Debug|Any CPU
		{3CD59235-79F1-4040-8C14-8C195AEC42E6}.Release|Any CPU.ActiveCfg = Release|Any CPU
		{3CD59235-79F1-4040-8C14-8C195AEC42E6}.Release|Any CPU.Build.0 = Release|Any CPU
		{5D06968C-D94E-4DC0-A82A-22A0513110BC}.Debug|Any CPU.ActiveCfg = Debug|Any CPU
		{5D06968C-D94E-4DC0-A82A-22A0513110BC}.Debug|Any CPU.Build.0 = Debug|Any CPU
		{5D06968C-D94E-4DC0-A82A-22A0513110BC}.Release|Any CPU.ActiveCfg = Release|Any CPU
		{5D06968C-D94E-4DC0-A82A-22A0513110BC}.Release|Any CPU.Build.0 = Release|Any CPU
		{27546BF1-A8E2-4C85-A7D6-CE4F3E7F7EB5}.Debug|Any CPU.ActiveCfg = Debug|Any CPU
		{27546BF1-A8E2-4C85-A7D6-CE4F3E7F7EB5}.Debug|Any CPU.Build.0 = Debug|Any CPU
		{27546BF1-A8E2-4C85-A7D6-CE4F3E7F7EB5}.Release|Any CPU.ActiveCfg = Release|Any CPU
		{27546BF1-A8E2-4C85-A7D6-CE4F3E7F7EB5}.Release|Any CPU.Build.0 = Release|Any CPU
		{824BFEF0-7458-4E8C-A4F0-61E757919159}.Debug|Any CPU.ActiveCfg = Debug|Any CPU
		{824BFEF0-7458-4E8C-A4F0-61E757919159}.Debug|Any CPU.Build.0 = Debug|Any CPU
		{824BFEF0-7458-4E8C-A4F0-61E757919159}.Release|Any CPU.ActiveCfg = Release|Any CPU
		{824BFEF0-7458-4E8C-A4F0-61E757919159}.Release|Any CPU.Build.0 = Release|Any CPU
		{98B31483-FAB6-4416-A167-55E55B13F782}.Debug|Any CPU.ActiveCfg = Debug|Any CPU
		{98B31483-FAB6-4416-A167-55E55B13F782}.Debug|Any CPU.Build.0 = Debug|Any CPU
		{98B31483-FAB6-4416-A167-55E55B13F782}.Release|Any CPU.ActiveCfg = Release|Any CPU
		{98B31483-FAB6-4416-A167-55E55B13F782}.Release|Any CPU.Build.0 = Release|Any CPU
	EndGlobalSection
	GlobalSection(SolutionProperties) = preSolution
		HideSolutionNode = FALSE
	EndGlobalSection
	GlobalSection(NestedProjects) = preSolution
		{763916FA-D627-4444-8F9D-EAB6446B37EC} = {02EA681E-C7D8-13C7-8484-4AC65E1B71E8}
		{FE4347CA-CB23-437A-B9B1-54C79F6387C6} = {02EA681E-C7D8-13C7-8484-4AC65E1B71E8}
		{54B871FC-4634-44F9-B742-81C5181BFE25} = {02EA681E-C7D8-13C7-8484-4AC65E1B71E8}
		{99CA71C4-488E-4C83-8F46-ED6AA7C52273} = {663C09B3-225B-4145-B60D-A32C43612812}
		{31F88A89-2F7C-44BA-A186-574C3A9623CA} = {663C09B3-225B-4145-B60D-A32C43612812}
		{BEC80E0B-30DB-48A7-BC84-E14077BD4E13} = {663C09B3-225B-4145-B60D-A32C43612812}
		{905A3055-A10F-42FB-9F1B-B9E779EA9BC4} = {C1BA3A58-419C-406E-9D43-EAA2B344C1F8}
		{5F1D75EA-6B57-4840-BEA4-EF7CA7557675} = {C1BA3A58-419C-406E-9D43-EAA2B344C1F8}
		{7DC49F36-E887-4E2F-A387-981E900408BC} = {C1BA3A58-419C-406E-9D43-EAA2B344C1F8}
		{99E7AB7F-05F1-47E4-8C0B-78846D929129} = {A423F0BA-31B3-4F5E-AD83-63775314FC78}
		{41E42DDD-CCDA-4120-BA4D-D4C47CFD519B} = {A423F0BA-31B3-4F5E-AD83-63775314FC78}
		{51337736-F5A0-46E7-B698-33678EF00A19} = {A423F0BA-31B3-4F5E-AD83-63775314FC78}
		{2329EFB5-EE24-455A-A313-AF0B6F45128E} = {4AC14772-582C-45EF-9916-11F68DA15916}
		{918DD57B-82CB-4CF0-815C-088384D1EAC6} = {4AC14772-582C-45EF-9916-11F68DA15916}
		{CC7E48F2-3274-439A-9B26-325A465C46A9} = {4AC14772-582C-45EF-9916-11F68DA15916}
		{00C1A2FB-6B5C-4391-AF2B-3D858E071591} = {010AA182-D6AA-413E-8374-05DEA1170904}
		{CAE81F39-7218-439F-A44D-57EFDC0E62A8} = {010AA182-D6AA-413E-8374-05DEA1170904}
		{BACB7194-798C-4D72-97F2-21EC00B33996} = {010AA182-D6AA-413E-8374-05DEA1170904}
		{EC56DFBF-6BA0-4A5F-9433-66AB076ABE7D} = {E667AED6-3C77-4CB9-A46D-02495365D836}
		{3CD59235-79F1-4040-8C14-8C195AEC42E6} = {E667AED6-3C77-4CB9-A46D-02495365D836}
		{5D06968C-D94E-4DC0-A82A-22A0513110BC} = {E667AED6-3C77-4CB9-A46D-02495365D836}
		{27546BF1-A8E2-4C85-A7D6-CE4F3E7F7EB5} = {327A4EAC-8665-46BE-80C9-DFB1EB97DC1C}
		{824BFEF0-7458-4E8C-A4F0-61E757919159} = {327A4EAC-8665-46BE-80C9-DFB1EB97DC1C}
		{98B31483-FAB6-4416-A167-55E55B13F782} = {327A4EAC-8665-46BE-80C9-DFB1EB97DC1C}
	EndGlobalSection
	GlobalSection(ExtensibilityGlobals) = postSolution
		SolutionGuid = {BD8C33B5-EC24-4F69-B52A-A03A93A4F7D4}
	EndGlobalSection
EndGlobal
